{
  "version": 4,
  "terraform_version": "1.0.9",
  "serial": 34,
  "lineage": "16a7a73b-a0cf-b410-3a41-5e215e6d4b4e",
  "outputs": {},
  "resources": [
    {
      "mode": "data",
      "type": "google_compute_image",
      "name": "cos_image",
      "provider": "provider[\"registry.terraform.io/hashicorp/google\"]",
      "instances": [
        {
          "schema_version": 0,
          "attributes": {
            "archive_size_bytes": 1061277696,
            "creation_timestamp": "2021-10-25T13:36:51.898-07:00",
            "description": "Google, Container-Optimized OS, 81-12871.1317.7 LTS, Kernel: COS-4.19.197 Kubernetes: 1.17.17 Docker: 19.03.15 Family: cos-81-lts, supports Shielded VM features, supports Confidential VM features on N2D",
            "disk_size_gb": 10,
            "family": "cos-81-lts",
            "filter": null,
            "id": "projects/cos-cloud/global/images/cos-81-12871-1317-7",
            "image_encryption_key_sha256": "",
            "image_id": "6349658530976017292",
            "label_fingerprint": "yKK8_45ed5c=",
            "labels": {
              "build_number": "12871-1317-7",
              "milestone": "81"
            },
            "licenses": [
              "https://www.googleapis.com/compute/v1/projects/cos-cloud-shielded/global/licenses/shielded-cos",
              "https://www.googleapis.com/compute/v1/projects/cos-cloud/global/licenses/cos",
              "https://www.googleapis.com/compute/v1/projects/cos-cloud/global/licenses/cos-pcid"
            ],
            "name": "cos-81-12871-1317-7",
            "project": "cos-cloud",
            "self_link": "https://www.googleapis.com/compute/v1/projects/cos-cloud/global/images/cos-81-12871-1317-7",
            "source_disk": "",
            "source_disk_encryption_key_sha256": "",
            "source_disk_id": "",
            "source_image_id": "",
            "status": "READY"
          },
          "sensitive_attributes": []
        }
      ]
    },
    {
      "mode": "data",
      "type": "google_compute_network",
      "name": "default",
      "provider": "provider[\"registry.terraform.io/hashicorp/google\"]",
      "instances": [
        {
          "schema_version": 0,
          "attributes": {
            "description": "Default network for the project",
            "gateway_ipv4": "",
            "id": "projects/devops-directive-hamill/global/networks/default",
            "name": "default",
            "project": null,
            "self_link": "https://www.googleapis.com/compute/v1/projects/devops-directive-hamill/global/networks/default",
            "subnetworks_self_links": [
              "https://www.googleapis.com/compute/v1/projects/devops-directive-hamill/regions/us-west4/subnetworks/default",
              "https://www.googleapis.com/compute/v1/projects/devops-directive-hamill/regions/us-west1/subnetworks/default",
              "https://www.googleapis.com/compute/v1/projects/devops-directive-hamill/regions/us-central1/subnetworks/default",
              "https://www.googleapis.com/compute/v1/projects/devops-directive-hamill/regions/asia-northeast3/subnetworks/default",
              "https://www.googleapis.com/compute/v1/projects/devops-directive-hamill/regions/northamerica-northeast1/subnetworks/default",
              "https://www.googleapis.com/compute/v1/projects/devops-directive-hamill/regions/southamerica-east1/subnetworks/default",
              "https://www.googleapis.com/compute/v1/projects/devops-directive-hamill/regions/europe-west6/subnetworks/default",
              "https://www.googleapis.com/compute/v1/projects/devops-directive-hamill/regions/northamerica-northeast2/subnetworks/default",
              "https://www.googleapis.com/compute/v1/projects/devops-directive-hamill/regions/asia-south2/subnetworks/default",
              "https://www.googleapis.com/compute/v1/projects/devops-directive-hamill/regions/asia-northeast1/subnetworks/default",
              "https://www.googleapis.com/compute/v1/projects/devops-directive-hamill/regions/europe-west3/subnetworks/default",
              "https://www.googleapis.com/compute/v1/projects/devops-directive-hamill/regions/asia-southeast2/subnetworks/default",
              "https://www.googleapis.com/compute/v1/projects/devops-directive-hamill/regions/us-west3/subnetworks/default",
              "https://www.googleapis.com/compute/v1/projects/devops-directive-hamill/regions/us-east4/subnetworks/default",
              "https://www.googleapis.com/compute/v1/projects/devops-directive-hamill/regions/southamerica-west1/subnetworks/default",
              "https://www.googleapis.com/compute/v1/projects/devops-directive-hamill/regions/europe-west2/subnetworks/default",
              "https://www.googleapis.com/compute/v1/projects/devops-directive-hamill/regions/europe-west1/subnetworks/default",
              "https://www.googleapis.com/compute/v1/projects/devops-directive-hamill/regions/australia-southeast1/subnetworks/default",
              "https://www.googleapis.com/compute/v1/projects/devops-directive-hamill/regions/us-west2/subnetworks/default",
              "https://www.googleapis.com/compute/v1/projects/devops-directive-hamill/regions/asia-east1/subnetworks/default",
              "https://www.googleapis.com/compute/v1/projects/devops-directive-hamill/regions/europe-central2/subnetworks/default",
              "https://www.googleapis.com/compute/v1/projects/devops-directive-hamill/regions/europe-north1/subnetworks/default",
              "https://www.googleapis.com/compute/v1/projects/devops-directive-hamill/regions/australia-southeast2/subnetworks/default",
              "https://www.googleapis.com/compute/v1/projects/devops-directive-hamill/regions/asia-northeast2/subnetworks/default",
              "https://www.googleapis.com/compute/v1/projects/devops-directive-hamill/regions/us-east1/subnetworks/default",
              "https://www.googleapis.com/compute/v1/projects/devops-directive-hamill/regions/asia-southeast1/subnetworks/default",
              "https://www.googleapis.com/compute/v1/projects/devops-directive-hamill/regions/europe-west4/subnetworks/default",
              "https://www.googleapis.com/compute/v1/projects/devops-directive-hamill/regions/asia-south1/subnetworks/default",
              "https://www.googleapis.com/compute/v1/projects/devops-directive-hamill/regions/asia-east2/subnetworks/default"
            ]
          },
          "sensitive_attributes": []
        }
      ]
    },
    {
      "mode": "managed",
      "type": "google_compute_address",
      "name": "ip_address",
      "provider": "provider[\"registry.terraform.io/hashicorp/google\"]",
      "instances": [
        {
          "schema_version": 0,
          "attributes": {
            "address": "34.70.105.71",
            "address_type": "EXTERNAL",
            "creation_timestamp": "2021-11-02T12:05:09.847-07:00",
            "description": "",
            "id": "projects/devops-directive-hamill/regions/us-central1/addresses/storybooks-ip-staging",
            "name": "storybooks-ip-staging",
            "network": "",
            "network_tier": "PREMIUM",
            "prefix_length": 0,
            "project": "devops-directive-hamill",
            "purpose": "",
            "region": "us-central1",
            "self_link": "https://www.googleapis.com/compute/v1/projects/devops-directive-hamill/regions/us-central1/addresses/storybooks-ip-staging",
            "subnetwork": "",
            "timeouts": null,
            "users": [
              "https://www.googleapis.com/compute/v1/projects/devops-directive-hamill/zones/us-central1-c/instances/storybooks-vm-staging"
            ]
          },
          "sensitive_attributes": [],
          "private": "eyJlMmJmYjczMC1lY2FhLTExZTYtOGY4OC0zNDM2M2JjN2M0YzAiOnsiY3JlYXRlIjoyNDAwMDAwMDAwMDAsImRlbGV0ZSI6MjQwMDAwMDAwMDAwfX0="
        }
      ]
    },
    {
      "mode": "managed",
      "type": "google_compute_firewall",
      "name": "allow-http",
      "provider": "provider[\"registry.terraform.io/hashicorp/google\"]",
      "instances": [
        {
          "schema_version": 1,
          "attributes": {
            "allow": [
              {
                "ports": [
                  "80"
                ],
                "protocol": "tcp"
              }
            ],
            "creation_timestamp": "2021-11-02T12:05:09.934-07:00",
            "deny": [],
            "description": "",
            "destination_ranges": [],
            "direction": "INGRESS",
            "disabled": false,
            "enable_logging": null,
            "id": "projects/devops-directive-hamill/global/firewalls/allow-http-staging",
            "log_config": [],
            "name": "allow-http-staging",
            "network": "https://www.googleapis.com/compute/v1/projects/devops-directive-hamill/global/networks/default",
            "priority": 1000,
            "project": "devops-directive-hamill",
            "self_link": "https://www.googleapis.com/compute/v1/projects/devops-directive-hamill/global/firewalls/allow-http-staging",
            "source_ranges": [
              "0.0.0.0/0"
            ],
            "source_service_accounts": [],
            "source_tags": [],
            "target_service_accounts": [],
            "target_tags": [
              "allow-http-staging"
            ],
            "timeouts": null
          },
          "sensitive_attributes": [],
          "private": "eyJlMmJmYjczMC1lY2FhLTExZTYtOGY4OC0zNDM2M2JjN2M0YzAiOnsiY3JlYXRlIjoyNDAwMDAwMDAwMDAsImRlbGV0ZSI6MjQwMDAwMDAwMDAwLCJ1cGRhdGUiOjI0MDAwMDAwMDAwMH0sInNjaGVtYV92ZXJzaW9uIjoiMSJ9",
          "dependencies": [
            "data.google_compute_network.default"
          ]
        }
      ]
    },
    {
      "mode": "managed",
      "type": "google_compute_instance",
      "name": "instance",
      "provider": "provider[\"registry.terraform.io/hashicorp/google\"]",
      "instances": [
        {
          "schema_version": 6,
          "attributes": {
            "advanced_machine_features": [],
            "allow_stopping_for_update": null,
            "attached_disk": [],
            "boot_disk": [
              {
                "auto_delete": true,
                "device_name": "persistent-disk-0",
                "disk_encryption_key_raw": "",
                "disk_encryption_key_sha256": "",
                "initialize_params": [
                  {
                    "image": "https://www.googleapis.com/compute/v1/projects/cos-cloud/global/images/cos-81-12871-1317-7",
                    "labels": {},
                    "size": 10,
                    "type": "pd-standard"
                  }
                ],
                "kms_key_self_link": "",
                "mode": "READ_WRITE",
                "source": "https://www.googleapis.com/compute/v1/projects/devops-directive-hamill/zones/us-central1-c/disks/storybooks-vm-staging"
              }
            ],
            "can_ip_forward": false,
            "confidential_instance_config": [],
            "cpu_platform": "Intel Haswell",
            "current_status": "RUNNING",
            "deletion_protection": false,
            "description": "",
            "desired_status": null,
            "enable_display": false,
            "guest_accelerator": [],
            "hostname": "",
            "id": "projects/devops-directive-hamill/zones/us-central1-c/instances/storybooks-vm-staging",
            "instance_id": "2363543419846669598",
            "label_fingerprint": "42WmSpB8rSM=",
            "labels": {},
            "machine_type": "f1-micro",
            "metadata": {},
            "metadata_fingerprint": "M0hgFUgkyzw=",
            "metadata_startup_script": "",
            "min_cpu_platform": "",
            "name": "storybooks-vm-staging",
            "network_interface": [
              {
                "access_config": [
                  {
                    "nat_ip": "34.70.105.71",
                    "network_tier": "PREMIUM",
                    "public_ptr_domain_name": ""
                  }
                ],
                "alias_ip_range": [],
                "ipv6_access_config": [],
                "ipv6_access_type": "",
                "name": "nic0",
                "network": "https://www.googleapis.com/compute/v1/projects/devops-directive-hamill/global/networks/default",
                "network_ip": "10.128.0.11",
                "nic_type": "",
                "stack_type": "IPV4_ONLY",
                "subnetwork": "https://www.googleapis.com/compute/v1/projects/devops-directive-hamill/regions/us-central1/subnetworks/default",
                "subnetwork_project": "devops-directive-hamill"
              }
            ],
            "project": "devops-directive-hamill",
            "reservation_affinity": [],
            "resource_policies": [],
            "scheduling": [
              {
                "automatic_restart": true,
                "min_node_cpus": 0,
                "node_affinities": [],
                "on_host_maintenance": "MIGRATE",
                "preemptible": false
              }
            ],
            "scratch_disk": [],
            "self_link": "https://www.googleapis.com/compute/v1/projects/devops-directive-hamill/zones/us-central1-c/instances/storybooks-vm-staging",
            "service_account": [
              {
                "email": "125795542332-compute@developer.gserviceaccount.com",
                "scopes": [
                  "https://www.googleapis.com/auth/devstorage.read_only"
                ]
              }
            ],
            "shielded_instance_config": [
              {
                "enable_integrity_monitoring": true,
                "enable_secure_boot": false,
                "enable_vtpm": true
              }
            ],
            "tags": [
              "allow-http-staging"
            ],
            "tags_fingerprint": "99B3fGf5PtU=",
            "timeouts": null,
            "zone": "us-central1-c"
          },
          "sensitive_attributes": [],
          "private": "eyJlMmJmYjczMC1lY2FhLTExZTYtOGY4OC0zNDM2M2JjN2M0YzAiOnsiY3JlYXRlIjoxMjAwMDAwMDAwMDAwLCJkZWxldGUiOjEyMDAwMDAwMDAwMDAsInVwZGF0ZSI6MTIwMDAwMDAwMDAwMH0sInNjaGVtYV92ZXJzaW9uIjoiNiJ9",
          "dependencies": [
            "data.google_compute_image.cos_image",
            "data.google_compute_network.default",
            "google_compute_address.ip_address",
            "google_compute_firewall.allow-http"
          ]
        }
      ]
    },
    {
      "mode": "managed",
      "type": "mongodbatlas_cluster",
      "name": "mongo_cluster",
      "provider": "provider[\"registry.terraform.io/mongodb/mongodbatlas\"]",
      "instances": [
        {
          "schema_version": 1,
          "attributes": {
            "advanced_configuration": [
              {
                "default_read_concern": "",
                "default_write_concern": "",
                "fail_index_key_too_long": false,
                "javascript_enabled": true,
                "minimum_enabled_tls_protocol": "TLS1_2",
                "no_table_scan": false,
                "oplog_size_mb": 0,
                "sample_refresh_interval_bi_connector": 0,
                "sample_size_bi_connector": 0
              }
            ],
            "auto_scaling_compute_enabled": false,
            "auto_scaling_compute_scale_down_enabled": false,
            "auto_scaling_disk_gb_enabled": false,
            "backing_provider_name": "GCP",
            "backup_enabled": false,
            "bi_connector": null,
            "bi_connector_config": [
              {
                "enabled": false,
                "read_preference": "secondary"
              }
            ],
            "cloud_backup": false,
            "cluster_id": "61818be582ff1b4a9982c82e",
            "cluster_type": "REPLICASET",
            "connection_strings": [
              {
                "aws_private_link": {},
                "aws_private_link_srv": {},
                "private": "",
                "private_endpoint": [],
                "private_srv": "",
                "standard": "mongodb://storybooks-staging-shard-00-00.fwawq.mongodb.net:27017,storybooks-staging-shard-00-01.fwawq.mongodb.net:27017,storybooks-staging-shard-00-02.fwawq.mongodb.net:27017/?ssl=true\u0026authSource=admin\u0026replicaSet=atlas-c6mcby-shard-0",
                "standard_srv": "mongodb+srv://storybooks-staging.fwawq.mongodb.net"
              }
            ],
            "container_id": null,
            "disk_size_gb": 0.5,
            "encryption_at_rest_provider": "NONE",
            "id": "Y2x1c3Rlcl9pZA==:NjE4MThiZTU4MmZmMWI0YTk5ODJjODJl-Y2x1c3Rlcl9uYW1l:c3Rvcnlib29rcy1zdGFnaW5n-cHJvamVjdF9pZA==:NjE3YjI3ZTkzNzQyYmMzOTU5ZDE4MDY3-cHJvdmlkZXJfbmFtZQ==:VEVOQU5U",
            "labels": [],
            "mongo_db_major_version": "4.4",
            "mongo_db_version": "4.4.10",
            "mongo_uri": "mongodb://storybooks-staging-shard-00-00.fwawq.mongodb.net:27017,storybooks-staging-shard-00-01.fwawq.mongodb.net:27017,storybooks-staging-shard-00-02.fwawq.mongodb.net:27017",
            "mongo_uri_updated": "2021-11-02T19:12:17Z",
            "mongo_uri_with_options": "mongodb://storybooks-staging-shard-00-00.fwawq.mongodb.net:27017,storybooks-staging-shard-00-01.fwawq.mongodb.net:27017,storybooks-staging-shard-00-02.fwawq.mongodb.net:27017/?ssl=true\u0026authSource=admin\u0026replicaSet=atlas-c6mcby-shard-0",
            "name": "storybooks-staging",
            "num_shards": 1,
            "paused": false,
            "pit_enabled": false,
            "project_id": "617b27e93742bc3959d18067",
            "provider_auto_scaling_compute_max_instance_size": "",
            "provider_auto_scaling_compute_min_instance_size": "",
            "provider_backup_enabled": false,
            "provider_disk_iops": null,
            "provider_disk_type_name": "",
            "provider_encrypt_ebs_volume": null,
            "provider_encrypt_ebs_volume_flag": null,
            "provider_instance_size_name": "M0",
            "provider_name": "TENANT",
            "provider_region_name": "CENTRAL_US",
            "provider_volume_type": "",
            "replication_factor": 3,
            "replication_specs": [
              {
                "id": "61818be582ff1b4a9982c828",
                "num_shards": 1,
                "regions_config": [
                  {
                    "analytics_nodes": 0,
                    "electable_nodes": 3,
                    "priority": 7,
                    "read_only_nodes": 0,
                    "region_name": "CENTRAL_US"
                  }
                ],
                "zone_name": "Zone 1"
              }
            ],
            "snapshot_backup_policy": [],
            "srv_address": "mongodb+srv://storybooks-staging.fwawq.mongodb.net",
            "state_name": "IDLE"
          },
          "sensitive_attributes": [],
          "private": "eyJzY2hlbWFfdmVyc2lvbiI6IjEifQ=="
        }
      ]
    }
  ]
}
